
Microsoft Visual Studio Solution File, Format Version 12.00
# Visual Studio 15
VisualStudioVersion = 15.0.27520.0
MinimumVisualStudioVersion = 10.0.40219.1
Project("{FAE04EC0-301F-11D3-BF4B-00C04F79EFBC}") = "SimpleSettings", "SimpleSettings\SimpleSettings.csproj", "{E3342BDE-5079-4D00-959C-08939BB9B046}"
EndProject
Project("{9A19103F-16F7-4668-BE54-9A1E7A4F7556}") = "ConsoleTest", "ConsoleTest\ConsoleTest.csproj", "{7B9F0906-8191-41B9-9A21-4D4DB19E25BD}"
EndProject
Global
	GlobalSection(SolutionConfigurationPlatforms) = preSolution
		Debug|Any CPU = Debug|Any CPU
		Release|Any CPU = Release|Any CPU
	EndGlobalSection
	GlobalSection(ProjectConfigurationPlatforms) = postSolution
		{E3342BDE-5079-4D00-959C-08939BB9B046}.Debug|Any CPU.ActiveCfg = Debug|Any CPU
		{E3342BDE-5079-4D00-959C-08939BB9B046}.Debug|Any CPU.Build.0 = Debug|Any CPU
		{E3342BDE-5079-4D00-959C-08939BB9B046}.Release|Any CPU.ActiveCfg = Release|Any CPU
		{E3342BDE-5079-4D00-959C-08939BB9B046}.Release|Any CPU.Build.0 = Release|Any CPU
		{7B9F0906-8191-41B9-9A21-4D4DB19E25BD}.Debug|Any CPU.ActiveCfg = Debug|Any CPU
		{7B9F0906-8191-41B9-9A21-4D4DB19E25BD}.Debug|Any CPU.Build.0 = Debug|Any CPU
		{7B9F0906-8191-41B9-9A21-4D4DB19E25BD}.Release|Any CPU.ActiveCfg = Release|Any CPU
		{7B9F0906-8191-41B9-9A21-4D4DB19E25BD}.Release|Any CPU.Build.0 = Release|Any CPU
	EndGlobalSection
	GlobalSection(SolutionProperties) = preSolution
		HideSolutionNode = FALSE
	EndGlobalSection
	GlobalSection(ExtensibilityGlobals) = postSolution
		SolutionGuid = {CFCEE28A-D806-4D34-81E3-519C38EEDE53}
	EndGlobalSection
EndGlobal
